
Microsoft Visual Studio Solution File, Format Version 12.00
Project("{FAE04EC0-301F-11D3-BF4B-00C04F79EFBC}") = "Design.Patterns.Abstract.Factory", "Design.Patterns.Abstract.Factory\Design.Patterns.Abstract.Factory.csproj", "{AFF55BFF-AB64-4C4D-9BD8-9B2ACB886754}"
EndProject
Project("{FAE04EC0-301F-11D3-BF4B-00C04F79EFBC}") = "Design.Patterns.Factory.Method", "Design.Patterns.Factory.Method\Design.Patterns.Factory.Method.csproj", "{4D11D094-FD3B-493A-8261-811379B75B32}"
EndProject
Project("{FAE04EC0-301F-11D3-BF4B-00C04F79EFBC}") = "Design.Patterns.Simple.Factory", "Design.Patterns.Simple.Factory\Design.Patterns.Simple.Factory.csproj", "{72A307CB-849D-4A66-9471-BCF35D7E2703}"
EndProject
Project("{FAE04EC0-301F-11D3-BF4B-00C04F79EFBC}") = "Design.Patterns.Iterator", "Design.Patterns.Iterator\Design.Patterns.Iterator.csproj", "{F3F99005-3383-483C-8C60-976FC549AFCA}"
EndProject
Project("{FAE04EC0-301F-11D3-BF4B-00C04F79EFBC}") = "Design.Patterns.Classic.Builder", "Design.Patterns.Classic.Builder\Design.Patterns.Classic.Builder.csproj", "{3B451BE8-AC1F-4509-9B95-E5C9F52D2664}"
EndProject
Project("{FAE04EC0-301F-11D3-BF4B-00C04F79EFBC}") = "Design.Patterns.Classic.Builder.Without.Director", "Design.Patterns.Classic.Builder.Without.Director\Design.Patterns.Classic.Builder.Without.Director.csproj", "{AA8B9624-E01D-4F95-BA5C-149393352F19}"
EndProject
Project("{FAE04EC0-301F-11D3-BF4B-00C04F79EFBC}") = "Design.Patterns.Nested.Builder", "Design.Patterns.Nested.Builder\Design.Patterns.Nested.Builder.csproj", "{1E5E5696-CB4A-420F-AA57-444080B86F22}"
EndProject
Project("{FAE04EC0-301F-11D3-BF4B-00C04F79EFBC}") = "Design.Patterns.Fluent.Builder", "Design.Patterns.Fluent.Builder\Design.Patterns.Fluent.Builder.csproj", "{2EE7B125-3E15-41E5-81CF-DC6AFEEF4F1D}"
EndProject
Project("{FAE04EC0-301F-11D3-BF4B-00C04F79EFBC}") = "Design.Patterns.Inner.Builder", "Design.Patterns.Inner.Builder\Design.Patterns.Inner.Builder.csproj", "{652B5F53-10F8-43CD-AED2-7D163C6DE06C}"
EndProject
Project("{FAE04EC0-301F-11D3-BF4B-00C04F79EFBC}") = "Design.Patterns.Step.Builder", "Design.Patterns.Step.Builder\Design.Patterns.Step.Builder.csproj", "{D038568C-889A-415F-8D2C-3B73A8E58A45}"
EndProject
Project("{2150E333-8FDC-42A3-9474-1A3956D46DE8}") = "Factory.Method", "Factory.Method", "{A4D72422-8464-4C59-A2C2-AB4F0CA13058}"
EndProject
Project("{2150E333-8FDC-42A3-9474-1A3956D46DE8}") = "Iterator", "Iterator", "{19ED9BAF-410F-4CF4-A0D0-5268DB787B35}"
EndProject
Project("{2150E333-8FDC-42A3-9474-1A3956D46DE8}") = "Builder", "Builder", "{0A9A1624-3C46-4CD6-ADB5-2BDA2B689614}"
EndProject
Project("{2150E333-8FDC-42A3-9474-1A3956D46DE8}") = "Singleton", "Singleton", "{9E604B4B-A88E-48D4-B932-67809C1E03CC}"
EndProject
Project("{FAE04EC0-301F-11D3-BF4B-00C04F79EFBC}") = "Design.Patterns.Naive.Singleton", "Design.Patterns.Naive.Singleton\Design.Patterns.Naive.Singleton.csproj", "{37255623-BC03-4374-8527-54C088F907B1}"
EndProject
Project("{FAE04EC0-301F-11D3-BF4B-00C04F79EFBC}") = "Design.Patterns.Naive.Singleton.Lazy.Loading", "Design.Patterns.Naive.Singleton.Lazy.Loading\Design.Patterns.Naive.Singleton.Lazy.Loading.csproj", "{44ED33E9-78F5-4D70-AB8F-029DF92D4A2E}"
EndProject
Project("{FAE04EC0-301F-11D3-BF4B-00C04F79EFBC}") = "Design.Patterns.Naive.Singleton.Lazy.Loading.Thread.Safe", "Design.Patterns.Naive.Singleton.Lazy.Loading.Thread.Safe\Design.Patterns.Naive.Singleton.Lazy.Loading.Thread.Safe.csproj", "{38A46910-FF80-4238-BD53-FF52EB196A79}"
EndProject
Project("{FAE04EC0-301F-11D3-BF4B-00C04F79EFBC}") = "Design.Patterns.Singleton.Lazy.Loading.Thread.Safe", "Design.Patterns.Singleton.Lazy.Loading.Thread.Safe\Design.Patterns.Singleton.Lazy.Loading.Thread.Safe.csproj", "{4EF8C64A-A1FE-4A59-9B69-9BB03515813B}"
EndProject
Project("{FAE04EC0-301F-11D3-BF4B-00C04F79EFBC}") = "Design.Patterns.Cool.Singleton", "Design.Patterns.Cool.Singleton\Design.Patterns.Cool.Singleton.csproj", "{CF6FF982-D0AD-4C05-9A6F-BD203EF7AF48}"
EndProject
Project("{FAE04EC0-301F-11D3-BF4B-00C04F79EFBC}") = "Design.Patterns.Singleton.Dependency.Injection", "Design.Patterns.Singleton.Dependency.Injection\Design.Patterns.Singleton.Dependency.Injection.csproj", "{4A8ED4C4-EA7A-4AC5-88B2-09EF190D2A79}"
EndProject
Project("{2150E333-8FDC-42A3-9474-1A3956D46DE8}") = "Strategy", "Strategy", "{D7483948-DC30-47B3-9B29-1E1980BA29FF}"
EndProject
Project("{FAE04EC0-301F-11D3-BF4B-00C04F79EFBC}") = "Design.Patterns.Strategy", "Design.Patterns.Strategy\Design.Patterns.Strategy.csproj", "{40101447-B88B-43FC-A9C3-9849D4595D19}"
EndProject
Project("{FAE04EC0-301F-11D3-BF4B-00C04F79EFBC}") = "Design.Patterns.Payment.Processing.Strategy", "Design.Patterns.Payment.Processing.Strategy\Design.Patterns.Payment.Processing.Strategy.csproj", "{9E89D79E-ADB4-4A8C-A6F3-D3F3C3BF8F8E}"
EndProject
Project("{2150E333-8FDC-42A3-9474-1A3956D46DE8}") = "Command", "Command", "{241B5D8A-29B8-435C-9484-735B75A3D3F5}"
EndProject
Project("{2150E333-8FDC-42A3-9474-1A3956D46DE8}") = "Behavioural", "Behavioural", "{89331F6B-43E3-4473-8F0D-0A20F3510AC7}"
EndProject
Project("{2150E333-8FDC-42A3-9474-1A3956D46DE8}") = "Creational", "Creational", "{20E91525-B0A4-4E63-9850-5B503AAE954B}"
EndProject
Project("{2150E333-8FDC-42A3-9474-1A3956D46DE8}") = "Prototype", "Prototype", "{CB75BD1C-FD0B-4748-981B-FC5E59B10994}"
EndProject
Project("{2150E333-8FDC-42A3-9474-1A3956D46DE8}") = "Mediator", "Mediator", "{F7700D09-F973-4FEB-AE78-F6FC966CB5AE}"
EndProject
Project("{2150E333-8FDC-42A3-9474-1A3956D46DE8}") = "Chain.Of.Responsibility", "Chain.Of.Responsibility", "{65370E14-910B-4700-B6A8-97A3D0919D8D}"
EndProject
Project("{2150E333-8FDC-42A3-9474-1A3956D46DE8}") = "Interpreter", "Interpreter", "{400B5390-660B-4C8C-899F-E37BD4793F63}"
EndProject
Project("{2150E333-8FDC-42A3-9474-1A3956D46DE8}") = "Memento", "Memento", "{EDD5FE89-D753-484D-BB0E-EC9EA63B66C7}"
EndProject
Project("{2150E333-8FDC-42A3-9474-1A3956D46DE8}") = "Observer", "Observer", "{5FA3AFAF-F565-4F2F-852A-7E24714E201D}"
EndProject
Project("{2150E333-8FDC-42A3-9474-1A3956D46DE8}") = "State", "State", "{276E03C7-E76B-4F06-BBB7-085669DE0232}"
EndProject
Project("{2150E333-8FDC-42A3-9474-1A3956D46DE8}") = "Template.Method", "Template.Method", "{9EB01F34-460E-4A56-9637-2B07B7A71BC8}"
EndProject
Project("{2150E333-8FDC-42A3-9474-1A3956D46DE8}") = "Visitor", "Visitor", "{7FD40E7B-C637-4906-856B-64160591C9BD}"
EndProject
Project("{2150E333-8FDC-42A3-9474-1A3956D46DE8}") = "Structural", "Structural", "{8AC77ED9-B7B7-484F-84AD-5CA01AD40261}"
EndProject
Project("{FAE04EC0-301F-11D3-BF4B-00C04F79EFBC}") = "Design.Patterns.Command", "Design.Patterns.Command\Design.Patterns.Command.csproj", "{06F6190C-6A27-4BFC-852F-A98C54BD7F04}"
EndProject
Project("{FAE04EC0-301F-11D3-BF4B-00C04F79EFBC}") = "Design.Patterns.Command.Cli", "Design.Patterns.Command.Cli\Design.Patterns.Command.Cli.csproj", "{7660C3F9-8CD6-43D4-9EAB-3C5947C3DDE6}"
EndProject
Project("{FAE04EC0-301F-11D3-BF4B-00C04F79EFBC}") = "Design.Patterns.Observer.Pull.Based", "Design.Patterns.Observer.Pull.Based\Design.Patterns.Observer.Pull.Based.csproj", "{995D0984-60D7-4C58-BF37-69E528785A7F}"
EndProject
Project("{FAE04EC0-301F-11D3-BF4B-00C04F79EFBC}") = "Design.Patterns.Observer.Push.Based", "Design.Patterns.Observer.Push.Based\Design.Patterns.Observer.Push.Based.csproj", "{9397F71F-52D5-40A4-B3AC-C24FC024E46A}"
EndProject
Project("{FAE04EC0-301F-11D3-BF4B-00C04F79EFBC}") = "Design.Patterns.Observer.Game.Engine", "Design.Patterns.Observer.Game.Engine\Design.Patterns.Observer.Game.Engine.csproj", "{515ECB6E-7F79-44A2-B1CA-896C077485B7}"
EndProject
Project("{2150E333-8FDC-42A3-9474-1A3956D46DE8}") = "Decorator", "Decorator", "{25519760-C290-4F02-98DB-695BA5CC29B8}"
EndProject
Project("{2150E333-8FDC-42A3-9474-1A3956D46DE8}") = "Adapter", "Adapter", "{2C08C92C-CE7C-49D6-AD51-1CABE29EC392}"
EndProject
Project("{2150E333-8FDC-42A3-9474-1A3956D46DE8}") = "Bridge", "Bridge", "{3445F9F7-9DDE-4F80-9700-8AD4095C8F0A}"
EndProject
Project("{2150E333-8FDC-42A3-9474-1A3956D46DE8}") = "Composite", "Composite", "{570EBF3F-FCCE-4B6C-8A51-8D3863980CA1}"
EndProject
Project("{2150E333-8FDC-42A3-9474-1A3956D46DE8}") = "Facade", "Facade", "{5ACABEDA-C3A4-4B45-BADF-D89E810211EA}"
EndProject
Project("{2150E333-8FDC-42A3-9474-1A3956D46DE8}") = "Flyweight", "Flyweight", "{DB0667EE-E131-4B9E-AA49-6C420E42F581}"
EndProject
Project("{2150E333-8FDC-42A3-9474-1A3956D46DE8}") = "Proxy", "Proxy", "{2D724339-1F43-4E10-8B05-A3C2B799A3C2}"
EndProject
Project("{FAE04EC0-301F-11D3-BF4B-00C04F79EFBC}") = "Design.Patterns.Decorator.Tesla", "Design.Patterns.Decorator.Tesla\Design.Patterns.Decorator.Tesla.csproj", "{3FAC067D-02C1-4BB9-B289-9385A79D98F4}"
EndProject
Project("{FAE04EC0-301F-11D3-BF4B-00C04F79EFBC}") = "Design.Patterns.Decorator", "Design.Patterns.Decorator\Design.Patterns.Decorator.csproj", "{87ACDC0D-6BA7-47E8-8F0C-525E858FCB70}"
EndProject
Project("{FAE04EC0-301F-11D3-BF4B-00C04F79EFBC}") = "Design.Patterns.Adapter", "Design.Patterns.Adapter\Design.Patterns.Adapter.csproj", "{988C4A33-F2A8-4263-A4B4-6B4C635ACCC7}"
EndProject
Project("{FAE04EC0-301F-11D3-BF4B-00C04F79EFBC}") = "Design.Patterns.Adapter.Game.Engine", "Design.Patterns.Adapter.Game.Engine\Design.Patterns.Adapter.Game.Engine.csproj", "{34A5938D-51D6-4FEB-BE9A-541579E6F8D5}"
EndProject
Project("{2150E333-8FDC-42A3-9474-1A3956D46DE8}") = "Abstract.Factory", "Abstract.Factory", "{F801BBDE-B075-4331-B4DB-6C9D9009219F}"
EndProject
Project("{FAE04EC0-301F-11D3-BF4B-00C04F79EFBC}") = "Design.Patterns.Abstract.Factory.Quest", "Design.Patterns.Abstract.Factory.Quest\Design.Patterns.Abstract.Factory.Quest.csproj", "{0096980F-6986-474D-A981-5F68EDD88213}"
EndProject
Project("{FAE04EC0-301F-11D3-BF4B-00C04F79EFBC}") = "Design.Patterns.Composite", "Design.Patterns.Composite\Design.Patterns.Composite.csproj", "{E555F8D0-DD9A-4DD9-B18C-2C5AA6909DC6}"
EndProject
Project("{FAE04EC0-301F-11D3-BF4B-00C04F79EFBC}") = "Design.Patterns.Composite.University", "Design.Patterns.Composite.University\Design.Patterns.Composite.University.csproj", "{8EDB2A66-718E-4413-867B-C473EED38A0A}"
EndProject
Project("{FAE04EC0-301F-11D3-BF4B-00C04F79EFBC}") = "Design.Patterns.Facade", "Design.Patterns.Facade\Design.Patterns.Facade.csproj", "{EF80D37B-B744-4991-890C-4568E177743F}"
EndProject
Project("{FAE04EC0-301F-11D3-BF4B-00C04F79EFBC}") = "Design.Patterns.Facade.YouTube", "Design.Patterns.Facade.YouTube\Design.Patterns.Facade.YouTube.csproj", "{4297E3CC-8FF7-4CF9-BC31-9019359D3D96}"
EndProject
Project("{FAE04EC0-301F-11D3-BF4B-00C04F79EFBC}") = "Design.Patterns.State", "Design.Patterns.State\Design.Patterns.State.csproj", "{44EF0DB0-C027-49FB-B318-CC335A9E7A80}"
EndProject
Project("{FAE04EC0-301F-11D3-BF4B-00C04F79EFBC}") = "Design.Patterns.State.Game", "Design.Patterns.State.Game\Design.Patterns.State.Game.csproj", "{3E56FFE8-BD53-4F9A-BE6C-48E9736B619B}"
EndProject
Project("{FAE04EC0-301F-11D3-BF4B-00C04F79EFBC}") = "Design.Patterns.Proxy", "Design.Patterns.Proxy\Design.Patterns.Proxy.csproj", "{22F47B5F-2BD9-4DA3-B04B-1AC03EB11AA1}"
EndProject
Project("{FAE04EC0-301F-11D3-BF4B-00C04F79EFBC}") = "Design.Patterns.Proxy.Hi.Res.Image", "Design.Patterns.Proxy.Hi.Res.Image\Design.Patterns.Proxy.Hi.Res.Image.csproj", "{42656BE7-C583-40C5-B39A-F97FED709BF2}"
EndProject
Project("{FAE04EC0-301F-11D3-BF4B-00C04F79EFBC}") = "Design.Patterns.Template.Method", "Design.Patterns.Template.Method\Design.Patterns.Template.Method.csproj", "{825C00CD-2423-4B39-A606-1A9E85E1674E}"
EndProject
Project("{FAE04EC0-301F-11D3-BF4B-00C04F79EFBC}") = "Design.Patterns.Template.Method.File.Parser", "Design.Patterns.Template.Method.File.Parser\Design.Patterns.Template.Method.File.Parser.csproj", "{C8017C03-FC5C-4C8D-B123-1837B4EF2C4E}"
EndProject
Project("{FAE04EC0-301F-11D3-BF4B-00C04F79EFBC}") = "Design.Patterns.Mediator", "Design.Patterns.Mediator\Design.Patterns.Mediator.csproj", "{E4B1ED8E-58DB-44B3-BBB9-43D544435A8C}"
EndProject
Project("{FAE04EC0-301F-11D3-BF4B-00C04F79EFBC}") = "Design.Patterns.Mediator.Chat.Room", "Design.Patterns.Mediator.Chat.Room\Design.Patterns.Mediator.Chat.Room.csproj", "{9FC56C48-C7C2-45DC-874E-AA9770634F30}"
EndProject
Project("{FAE04EC0-301F-11D3-BF4B-00C04F79EFBC}") = "Design.Patterns.Memento", "Design.Patterns.Memento\Design.Patterns.Memento.csproj", "{50F39AA7-3104-48C1-90A1-3615F3755880}"
EndProject
Project("{FAE04EC0-301F-11D3-BF4B-00C04F79EFBC}") = "Design.Patterns.Memento.Text.Box", "Design.Patterns.Memento.Text.Box\Design.Patterns.Memento.Text.Box.csproj", "{8D392479-9844-44D8-AE33-5C370DF0AC75}"
EndProject
Project("{FAE04EC0-301F-11D3-BF4B-00C04F79EFBC}") = "Design.Patterns.Prototype", "Design.Patterns.Prototype\Design.Patterns.Prototype.csproj", "{51226CC2-1062-4095-B3E8-6B2D45828279}"
EndProject
Project("{FAE04EC0-301F-11D3-BF4B-00C04F79EFBC}") = "Design.Patterns.Prototype.Figma", "Design.Patterns.Prototype.Figma\Design.Patterns.Prototype.Figma.csproj", "{033547E5-C94C-43D4-88BB-455524CD31AB}"
EndProject
Global
	GlobalSection(SolutionConfigurationPlatforms) = preSolution
		Debug|Any CPU = Debug|Any CPU
		Release|Any CPU = Release|Any CPU
	EndGlobalSection
	GlobalSection(ProjectConfigurationPlatforms) = postSolution
		{AFF55BFF-AB64-4C4D-9BD8-9B2ACB886754}.Debug|Any CPU.ActiveCfg = Debug|Any CPU
		{AFF55BFF-AB64-4C4D-9BD8-9B2ACB886754}.Debug|Any CPU.Build.0 = Debug|Any CPU
		{AFF55BFF-AB64-4C4D-9BD8-9B2ACB886754}.Release|Any CPU.ActiveCfg = Release|Any CPU
		{AFF55BFF-AB64-4C4D-9BD8-9B2ACB886754}.Release|Any CPU.Build.0 = Release|Any CPU
		{4D11D094-FD3B-493A-8261-811379B75B32}.Debug|Any CPU.ActiveCfg = Debug|Any CPU
		{4D11D094-FD3B-493A-8261-811379B75B32}.Debug|Any CPU.Build.0 = Debug|Any CPU
		{4D11D094-FD3B-493A-8261-811379B75B32}.Release|Any CPU.ActiveCfg = Release|Any CPU
		{4D11D094-FD3B-493A-8261-811379B75B32}.Release|Any CPU.Build.0 = Release|Any CPU
		{72A307CB-849D-4A66-9471-BCF35D7E2703}.Debug|Any CPU.ActiveCfg = Debug|Any CPU
		{72A307CB-849D-4A66-9471-BCF35D7E2703}.Debug|Any CPU.Build.0 = Debug|Any CPU
		{72A307CB-849D-4A66-9471-BCF35D7E2703}.Release|Any CPU.ActiveCfg = Release|Any CPU
		{72A307CB-849D-4A66-9471-BCF35D7E2703}.Release|Any CPU.Build.0 = Release|Any CPU
		{F3F99005-3383-483C-8C60-976FC549AFCA}.Debug|Any CPU.ActiveCfg = Debug|Any CPU
		{F3F99005-3383-483C-8C60-976FC549AFCA}.Debug|Any CPU.Build.0 = Debug|Any CPU
		{F3F99005-3383-483C-8C60-976FC549AFCA}.Release|Any CPU.ActiveCfg = Release|Any CPU
		{F3F99005-3383-483C-8C60-976FC549AFCA}.Release|Any CPU.Build.0 = Release|Any CPU
		{3B451BE8-AC1F-4509-9B95-E5C9F52D2664}.Debug|Any CPU.ActiveCfg = Debug|Any CPU
		{3B451BE8-AC1F-4509-9B95-E5C9F52D2664}.Debug|Any CPU.Build.0 = Debug|Any CPU
		{3B451BE8-AC1F-4509-9B95-E5C9F52D2664}.Release|Any CPU.ActiveCfg = Release|Any CPU
		{3B451BE8-AC1F-4509-9B95-E5C9F52D2664}.Release|Any CPU.Build.0 = Release|Any CPU
		{AA8B9624-E01D-4F95-BA5C-149393352F19}.Debug|Any CPU.ActiveCfg = Debug|Any CPU
		{AA8B9624-E01D-4F95-BA5C-149393352F19}.Debug|Any CPU.Build.0 = Debug|Any CPU
		{AA8B9624-E01D-4F95-BA5C-149393352F19}.Release|Any CPU.ActiveCfg = Release|Any CPU
		{AA8B9624-E01D-4F95-BA5C-149393352F19}.Release|Any CPU.Build.0 = Release|Any CPU
		{1E5E5696-CB4A-420F-AA57-444080B86F22}.Debug|Any CPU.ActiveCfg = Debug|Any CPU
		{1E5E5696-CB4A-420F-AA57-444080B86F22}.Debug|Any CPU.Build.0 = Debug|Any CPU
		{1E5E5696-CB4A-420F-AA57-444080B86F22}.Release|Any CPU.ActiveCfg = Release|Any CPU
		{1E5E5696-CB4A-420F-AA57-444080B86F22}.Release|Any CPU.Build.0 = Release|Any CPU
		{2EE7B125-3E15-41E5-81CF-DC6AFEEF4F1D}.Debug|Any CPU.ActiveCfg = Debug|Any CPU
		{2EE7B125-3E15-41E5-81CF-DC6AFEEF4F1D}.Debug|Any CPU.Build.0 = Debug|Any CPU
		{2EE7B125-3E15-41E5-81CF-DC6AFEEF4F1D}.Release|Any CPU.ActiveCfg = Release|Any CPU
		{2EE7B125-3E15-41E5-81CF-DC6AFEEF4F1D}.Release|Any CPU.Build.0 = Release|Any CPU
		{652B5F53-10F8-43CD-AED2-7D163C6DE06C}.Debug|Any CPU.ActiveCfg = Debug|Any CPU
		{652B5F53-10F8-43CD-AED2-7D163C6DE06C}.Debug|Any CPU.Build.0 = Debug|Any CPU
		{652B5F53-10F8-43CD-AED2-7D163C6DE06C}.Release|Any CPU.ActiveCfg = Release|Any CPU
		{652B5F53-10F8-43CD-AED2-7D163C6DE06C}.Release|Any CPU.Build.0 = Release|Any CPU
		{D038568C-889A-415F-8D2C-3B73A8E58A45}.Debug|Any CPU.ActiveCfg = Debug|Any CPU
		{D038568C-889A-415F-8D2C-3B73A8E58A45}.Debug|Any CPU.Build.0 = Debug|Any CPU
		{D038568C-889A-415F-8D2C-3B73A8E58A45}.Release|Any CPU.ActiveCfg = Release|Any CPU
		{D038568C-889A-415F-8D2C-3B73A8E58A45}.Release|Any CPU.Build.0 = Release|Any CPU
		{37255623-BC03-4374-8527-54C088F907B1}.Debug|Any CPU.ActiveCfg = Debug|Any CPU
		{37255623-BC03-4374-8527-54C088F907B1}.Debug|Any CPU.Build.0 = Debug|Any CPU
		{37255623-BC03-4374-8527-54C088F907B1}.Release|Any CPU.ActiveCfg = Release|Any CPU
		{37255623-BC03-4374-8527-54C088F907B1}.Release|Any CPU.Build.0 = Release|Any CPU
		{44ED33E9-78F5-4D70-AB8F-029DF92D4A2E}.Debug|Any CPU.ActiveCfg = Debug|Any CPU
		{44ED33E9-78F5-4D70-AB8F-029DF92D4A2E}.Debug|Any CPU.Build.0 = Debug|Any CPU
		{44ED33E9-78F5-4D70-AB8F-029DF92D4A2E}.Release|Any CPU.ActiveCfg = Release|Any CPU
		{44ED33E9-78F5-4D70-AB8F-029DF92D4A2E}.Release|Any CPU.Build.0 = Release|Any CPU
		{38A46910-FF80-4238-BD53-FF52EB196A79}.Debug|Any CPU.ActiveCfg = Debug|Any CPU
		{38A46910-FF80-4238-BD53-FF52EB196A79}.Debug|Any CPU.Build.0 = Debug|Any CPU
		{38A46910-FF80-4238-BD53-FF52EB196A79}.Release|Any CPU.ActiveCfg = Release|Any CPU
		{38A46910-FF80-4238-BD53-FF52EB196A79}.Release|Any CPU.Build.0 = Release|Any CPU
		{4EF8C64A-A1FE-4A59-9B69-9BB03515813B}.Debug|Any CPU.ActiveCfg = Debug|Any CPU
		{4EF8C64A-A1FE-4A59-9B69-9BB03515813B}.Debug|Any CPU.Build.0 = Debug|Any CPU
		{4EF8C64A-A1FE-4A59-9B69-9BB03515813B}.Release|Any CPU.ActiveCfg = Release|Any CPU
		{4EF8C64A-A1FE-4A59-9B69-9BB03515813B}.Release|Any CPU.Build.0 = Release|Any CPU
		{CF6FF982-D0AD-4C05-9A6F-BD203EF7AF48}.Debug|Any CPU.ActiveCfg = Debug|Any CPU
		{CF6FF982-D0AD-4C05-9A6F-BD203EF7AF48}.Debug|Any CPU.Build.0 = Debug|Any CPU
		{CF6FF982-D0AD-4C05-9A6F-BD203EF7AF48}.Release|Any CPU.ActiveCfg = Release|Any CPU
		{CF6FF982-D0AD-4C05-9A6F-BD203EF7AF48}.Release|Any CPU.Build.0 = Release|Any CPU
		{4A8ED4C4-EA7A-4AC5-88B2-09EF190D2A79}.Debug|Any CPU.ActiveCfg = Debug|Any CPU
		{4A8ED4C4-EA7A-4AC5-88B2-09EF190D2A79}.Debug|Any CPU.Build.0 = Debug|Any CPU
		{4A8ED4C4-EA7A-4AC5-88B2-09EF190D2A79}.Release|Any CPU.ActiveCfg = Release|Any CPU
		{4A8ED4C4-EA7A-4AC5-88B2-09EF190D2A79}.Release|Any CPU.Build.0 = Release|Any CPU
		{40101447-B88B-43FC-A9C3-9849D4595D19}.Debug|Any CPU.ActiveCfg = Debug|Any CPU
		{40101447-B88B-43FC-A9C3-9849D4595D19}.Debug|Any CPU.Build.0 = Debug|Any CPU
		{40101447-B88B-43FC-A9C3-9849D4595D19}.Release|Any CPU.ActiveCfg = Release|Any CPU
		{40101447-B88B-43FC-A9C3-9849D4595D19}.Release|Any CPU.Build.0 = Release|Any CPU
		{9E89D79E-ADB4-4A8C-A6F3-D3F3C3BF8F8E}.Debug|Any CPU.ActiveCfg = Debug|Any CPU
		{9E89D79E-ADB4-4A8C-A6F3-D3F3C3BF8F8E}.Debug|Any CPU.Build.0 = Debug|Any CPU
		{9E89D79E-ADB4-4A8C-A6F3-D3F3C3BF8F8E}.Release|Any CPU.ActiveCfg = Release|Any CPU
		{9E89D79E-ADB4-4A8C-A6F3-D3F3C3BF8F8E}.Release|Any CPU.Build.0 = Release|Any CPU
		{06F6190C-6A27-4BFC-852F-A98C54BD7F04}.Debug|Any CPU.ActiveCfg = Debug|Any CPU
		{06F6190C-6A27-4BFC-852F-A98C54BD7F04}.Debug|Any CPU.Build.0 = Debug|Any CPU
		{06F6190C-6A27-4BFC-852F-A98C54BD7F04}.Release|Any CPU.ActiveCfg = Release|Any CPU
		{06F6190C-6A27-4BFC-852F-A98C54BD7F04}.Release|Any CPU.Build.0 = Release|Any CPU
		{7660C3F9-8CD6-43D4-9EAB-3C5947C3DDE6}.Debug|Any CPU.ActiveCfg = Debug|Any CPU
		{7660C3F9-8CD6-43D4-9EAB-3C5947C3DDE6}.Debug|Any CPU.Build.0 = Debug|Any CPU
		{7660C3F9-8CD6-43D4-9EAB-3C5947C3DDE6}.Release|Any CPU.ActiveCfg = Release|Any CPU
		{7660C3F9-8CD6-43D4-9EAB-3C5947C3DDE6}.Release|Any CPU.Build.0 = Release|Any CPU
		{995D0984-60D7-4C58-BF37-69E528785A7F}.Debug|Any CPU.ActiveCfg = Debug|Any CPU
		{995D0984-60D7-4C58-BF37-69E528785A7F}.Debug|Any CPU.Build.0 = Debug|Any CPU
		{995D0984-60D7-4C58-BF37-69E528785A7F}.Release|Any CPU.ActiveCfg = Release|Any CPU
		{995D0984-60D7-4C58-BF37-69E528785A7F}.Release|Any CPU.Build.0 = Release|Any CPU
		{9397F71F-52D5-40A4-B3AC-C24FC024E46A}.Debug|Any CPU.ActiveCfg = Debug|Any CPU
		{9397F71F-52D5-40A4-B3AC-C24FC024E46A}.Debug|Any CPU.Build.0 = Debug|Any CPU
		{9397F71F-52D5-40A4-B3AC-C24FC024E46A}.Release|Any CPU.ActiveCfg = Release|Any CPU
		{9397F71F-52D5-40A4-B3AC-C24FC024E46A}.Release|Any CPU.Build.0 = Release|Any CPU
		{515ECB6E-7F79-44A2-B1CA-896C077485B7}.Debug|Any CPU.ActiveCfg = Debug|Any CPU
		{515ECB6E-7F79-44A2-B1CA-896C077485B7}.Debug|Any CPU.Build.0 = Debug|Any CPU
		{515ECB6E-7F79-44A2-B1CA-896C077485B7}.Release|Any CPU.ActiveCfg = Release|Any CPU
		{515ECB6E-7F79-44A2-B1CA-896C077485B7}.Release|Any CPU.Build.0 = Release|Any CPU
		{3FAC067D-02C1-4BB9-B289-9385A79D98F4}.Debug|Any CPU.ActiveCfg = Debug|Any CPU
		{3FAC067D-02C1-4BB9-B289-9385A79D98F4}.Debug|Any CPU.Build.0 = Debug|Any CPU
		{3FAC067D-02C1-4BB9-B289-9385A79D98F4}.Release|Any CPU.ActiveCfg = Release|Any CPU
		{3FAC067D-02C1-4BB9-B289-9385A79D98F4}.Release|Any CPU.Build.0 = Release|Any CPU
		{87ACDC0D-6BA7-47E8-8F0C-525E858FCB70}.Debug|Any CPU.ActiveCfg = Debug|Any CPU
		{87ACDC0D-6BA7-47E8-8F0C-525E858FCB70}.Debug|Any CPU.Build.0 = Debug|Any CPU
		{87ACDC0D-6BA7-47E8-8F0C-525E858FCB70}.Release|Any CPU.ActiveCfg = Release|Any CPU
		{87ACDC0D-6BA7-47E8-8F0C-525E858FCB70}.Release|Any CPU.Build.0 = Release|Any CPU
		{988C4A33-F2A8-4263-A4B4-6B4C635ACCC7}.Debug|Any CPU.ActiveCfg = Debug|Any CPU
		{988C4A33-F2A8-4263-A4B4-6B4C635ACCC7}.Debug|Any CPU.Build.0 = Debug|Any CPU
		{988C4A33-F2A8-4263-A4B4-6B4C635ACCC7}.Release|Any CPU.ActiveCfg = Release|Any CPU
		{988C4A33-F2A8-4263-A4B4-6B4C635ACCC7}.Release|Any CPU.Build.0 = Release|Any CPU
		{34A5938D-51D6-4FEB-BE9A-541579E6F8D5}.Debug|Any CPU.ActiveCfg = Debug|Any CPU
		{34A5938D-51D6-4FEB-BE9A-541579E6F8D5}.Debug|Any CPU.Build.0 = Debug|Any CPU
		{34A5938D-51D6-4FEB-BE9A-541579E6F8D5}.Release|Any CPU.ActiveCfg = Release|Any CPU
		{34A5938D-51D6-4FEB-BE9A-541579E6F8D5}.Release|Any CPU.Build.0 = Release|Any CPU
		{0096980F-6986-474D-A981-5F68EDD88213}.Debug|Any CPU.ActiveCfg = Debug|Any CPU
		{0096980F-6986-474D-A981-5F68EDD88213}.Debug|Any CPU.Build.0 = Debug|Any CPU
		{0096980F-6986-474D-A981-5F68EDD88213}.Release|Any CPU.ActiveCfg = Release|Any CPU
		{0096980F-6986-474D-A981-5F68EDD88213}.Release|Any CPU.Build.0 = Release|Any CPU
		{E555F8D0-DD9A-4DD9-B18C-2C5AA6909DC6}.Debug|Any CPU.ActiveCfg = Debug|Any CPU
		{E555F8D0-DD9A-4DD9-B18C-2C5AA6909DC6}.Debug|Any CPU.Build.0 = Debug|Any CPU
		{E555F8D0-DD9A-4DD9-B18C-2C5AA6909DC6}.Release|Any CPU.ActiveCfg = Release|Any CPU
		{E555F8D0-DD9A-4DD9-B18C-2C5AA6909DC6}.Release|Any CPU.Build.0 = Release|Any CPU
		{8EDB2A66-718E-4413-867B-C473EED38A0A}.Debug|Any CPU.ActiveCfg = Debug|Any CPU
		{8EDB2A66-718E-4413-867B-C473EED38A0A}.Debug|Any CPU.Build.0 = Debug|Any CPU
		{8EDB2A66-718E-4413-867B-C473EED38A0A}.Release|Any CPU.ActiveCfg = Release|Any CPU
		{8EDB2A66-718E-4413-867B-C473EED38A0A}.Release|Any CPU.Build.0 = Release|Any CPU
		{EF80D37B-B744-4991-890C-4568E177743F}.Debug|Any CPU.ActiveCfg = Debug|Any CPU
		{EF80D37B-B744-4991-890C-4568E177743F}.Debug|Any CPU.Build.0 = Debug|Any CPU
		{EF80D37B-B744-4991-890C-4568E177743F}.Release|Any CPU.ActiveCfg = Release|Any CPU
		{EF80D37B-B744-4991-890C-4568E177743F}.Release|Any CPU.Build.0 = Release|Any CPU
		{4297E3CC-8FF7-4CF9-BC31-9019359D3D96}.Debug|Any CPU.ActiveCfg = Debug|Any CPU
		{4297E3CC-8FF7-4CF9-BC31-9019359D3D96}.Debug|Any CPU.Build.0 = Debug|Any CPU
		{4297E3CC-8FF7-4CF9-BC31-9019359D3D96}.Release|Any CPU.ActiveCfg = Release|Any CPU
		{4297E3CC-8FF7-4CF9-BC31-9019359D3D96}.Release|Any CPU.Build.0 = Release|Any CPU
		{44EF0DB0-C027-49FB-B318-CC335A9E7A80}.Debug|Any CPU.ActiveCfg = Debug|Any CPU
		{44EF0DB0-C027-49FB-B318-CC335A9E7A80}.Debug|Any CPU.Build.0 = Debug|Any CPU
		{44EF0DB0-C027-49FB-B318-CC335A9E7A80}.Release|Any CPU.ActiveCfg = Release|Any CPU
		{44EF0DB0-C027-49FB-B318-CC335A9E7A80}.Release|Any CPU.Build.0 = Release|Any CPU
		{3E56FFE8-BD53-4F9A-BE6C-48E9736B619B}.Debug|Any CPU.ActiveCfg = Debug|Any CPU
		{3E56FFE8-BD53-4F9A-BE6C-48E9736B619B}.Debug|Any CPU.Build.0 = Debug|Any CPU
		{3E56FFE8-BD53-4F9A-BE6C-48E9736B619B}.Release|Any CPU.ActiveCfg = Release|Any CPU
		{3E56FFE8-BD53-4F9A-BE6C-48E9736B619B}.Release|Any CPU.Build.0 = Release|Any CPU
		{22F47B5F-2BD9-4DA3-B04B-1AC03EB11AA1}.Debug|Any CPU.ActiveCfg = Debug|Any CPU
		{22F47B5F-2BD9-4DA3-B04B-1AC03EB11AA1}.Debug|Any CPU.Build.0 = Debug|Any CPU
		{22F47B5F-2BD9-4DA3-B04B-1AC03EB11AA1}.Release|Any CPU.ActiveCfg = Release|Any CPU
		{22F47B5F-2BD9-4DA3-B04B-1AC03EB11AA1}.Release|Any CPU.Build.0 = Release|Any CPU
		{42656BE7-C583-40C5-B39A-F97FED709BF2}.Debug|Any CPU.ActiveCfg = Debug|Any CPU
		{42656BE7-C583-40C5-B39A-F97FED709BF2}.Debug|Any CPU.Build.0 = Debug|Any CPU
		{42656BE7-C583-40C5-B39A-F97FED709BF2}.Release|Any CPU.ActiveCfg = Release|Any CPU
		{42656BE7-C583-40C5-B39A-F97FED709BF2}.Release|Any CPU.Build.0 = Release|Any CPU
		{825C00CD-2423-4B39-A606-1A9E85E1674E}.Debug|Any CPU.ActiveCfg = Debug|Any CPU
		{825C00CD-2423-4B39-A606-1A9E85E1674E}.Debug|Any CPU.Build.0 = Debug|Any CPU
		{825C00CD-2423-4B39-A606-1A9E85E1674E}.Release|Any CPU.ActiveCfg = Release|Any CPU
		{825C00CD-2423-4B39-A606-1A9E85E1674E}.Release|Any CPU.Build.0 = Release|Any CPU
		{C8017C03-FC5C-4C8D-B123-1837B4EF2C4E}.Debug|Any CPU.ActiveCfg = Debug|Any CPU
		{C8017C03-FC5C-4C8D-B123-1837B4EF2C4E}.Debug|Any CPU.Build.0 = Debug|Any CPU
		{C8017C03-FC5C-4C8D-B123-1837B4EF2C4E}.Release|Any CPU.ActiveCfg = Release|Any CPU
		{C8017C03-FC5C-4C8D-B123-1837B4EF2C4E}.Release|Any CPU.Build.0 = Release|Any CPU
		{E4B1ED8E-58DB-44B3-BBB9-43D544435A8C}.Debug|Any CPU.ActiveCfg = Debug|Any CPU
		{E4B1ED8E-58DB-44B3-BBB9-43D544435A8C}.Debug|Any CPU.Build.0 = Debug|Any CPU
		{E4B1ED8E-58DB-44B3-BBB9-43D544435A8C}.Release|Any CPU.ActiveCfg = Release|Any CPU
		{E4B1ED8E-58DB-44B3-BBB9-43D544435A8C}.Release|Any CPU.Build.0 = Release|Any CPU
		{9FC56C48-C7C2-45DC-874E-AA9770634F30}.Debug|Any CPU.ActiveCfg = Debug|Any CPU
		{9FC56C48-C7C2-45DC-874E-AA9770634F30}.Debug|Any CPU.Build.0 = Debug|Any CPU
		{9FC56C48-C7C2-45DC-874E-AA9770634F30}.Release|Any CPU.ActiveCfg = Release|Any CPU
		{9FC56C48-C7C2-45DC-874E-AA9770634F30}.Release|Any CPU.Build.0 = Release|Any CPU
		{50F39AA7-3104-48C1-90A1-3615F3755880}.Debug|Any CPU.ActiveCfg = Debug|Any CPU
		{50F39AA7-3104-48C1-90A1-3615F3755880}.Debug|Any CPU.Build.0 = Debug|Any CPU
		{50F39AA7-3104-48C1-90A1-3615F3755880}.Release|Any CPU.ActiveCfg = Release|Any CPU
		{50F39AA7-3104-48C1-90A1-3615F3755880}.Release|Any CPU.Build.0 = Release|Any CPU
		{8D392479-9844-44D8-AE33-5C370DF0AC75}.Debug|Any CPU.ActiveCfg = Debug|Any CPU
		{8D392479-9844-44D8-AE33-5C370DF0AC75}.Debug|Any CPU.Build.0 = Debug|Any CPU
		{8D392479-9844-44D8-AE33-5C370DF0AC75}.Release|Any CPU.ActiveCfg = Release|Any CPU
		{8D392479-9844-44D8-AE33-5C370DF0AC75}.Release|Any CPU.Build.0 = Release|Any CPU
		{51226CC2-1062-4095-B3E8-6B2D45828279}.Debug|Any CPU.ActiveCfg = Debug|Any CPU
		{51226CC2-1062-4095-B3E8-6B2D45828279}.Debug|Any CPU.Build.0 = Debug|Any CPU
		{51226CC2-1062-4095-B3E8-6B2D45828279}.Release|Any CPU.ActiveCfg = Release|Any CPU
		{51226CC2-1062-4095-B3E8-6B2D45828279}.Release|Any CPU.Build.0 = Release|Any CPU
		{033547E5-C94C-43D4-88BB-455524CD31AB}.Debug|Any CPU.ActiveCfg = Debug|Any CPU
		{033547E5-C94C-43D4-88BB-455524CD31AB}.Debug|Any CPU.Build.0 = Debug|Any CPU
		{033547E5-C94C-43D4-88BB-455524CD31AB}.Release|Any CPU.ActiveCfg = Release|Any CPU
		{033547E5-C94C-43D4-88BB-455524CD31AB}.Release|Any CPU.Build.0 = Release|Any CPU
	EndGlobalSection
	GlobalSection(NestedProjects) = preSolution
		{4D11D094-FD3B-493A-8261-811379B75B32} = {A4D72422-8464-4C59-A2C2-AB4F0CA13058}
		{72A307CB-849D-4A66-9471-BCF35D7E2703} = {A4D72422-8464-4C59-A2C2-AB4F0CA13058}
		{F3F99005-3383-483C-8C60-976FC549AFCA} = {19ED9BAF-410F-4CF4-A0D0-5268DB787B35}
		{3B451BE8-AC1F-4509-9B95-E5C9F52D2664} = {0A9A1624-3C46-4CD6-ADB5-2BDA2B689614}
		{AA8B9624-E01D-4F95-BA5C-149393352F19} = {0A9A1624-3C46-4CD6-ADB5-2BDA2B689614}
		{2EE7B125-3E15-41E5-81CF-DC6AFEEF4F1D} = {0A9A1624-3C46-4CD6-ADB5-2BDA2B689614}
		{652B5F53-10F8-43CD-AED2-7D163C6DE06C} = {0A9A1624-3C46-4CD6-ADB5-2BDA2B689614}
		{1E5E5696-CB4A-420F-AA57-444080B86F22} = {0A9A1624-3C46-4CD6-ADB5-2BDA2B689614}
		{D038568C-889A-415F-8D2C-3B73A8E58A45} = {0A9A1624-3C46-4CD6-ADB5-2BDA2B689614}
		{37255623-BC03-4374-8527-54C088F907B1} = {9E604B4B-A88E-48D4-B932-67809C1E03CC}
		{44ED33E9-78F5-4D70-AB8F-029DF92D4A2E} = {9E604B4B-A88E-48D4-B932-67809C1E03CC}
		{38A46910-FF80-4238-BD53-FF52EB196A79} = {9E604B4B-A88E-48D4-B932-67809C1E03CC}
		{4EF8C64A-A1FE-4A59-9B69-9BB03515813B} = {9E604B4B-A88E-48D4-B932-67809C1E03CC}
		{CF6FF982-D0AD-4C05-9A6F-BD203EF7AF48} = {9E604B4B-A88E-48D4-B932-67809C1E03CC}
		{4A8ED4C4-EA7A-4AC5-88B2-09EF190D2A79} = {9E604B4B-A88E-48D4-B932-67809C1E03CC}
		{40101447-B88B-43FC-A9C3-9849D4595D19} = {D7483948-DC30-47B3-9B29-1E1980BA29FF}
		{9E89D79E-ADB4-4A8C-A6F3-D3F3C3BF8F8E} = {D7483948-DC30-47B3-9B29-1E1980BA29FF}
		{241B5D8A-29B8-435C-9484-735B75A3D3F5} = {89331F6B-43E3-4473-8F0D-0A20F3510AC7}
		{D7483948-DC30-47B3-9B29-1E1980BA29FF} = {89331F6B-43E3-4473-8F0D-0A20F3510AC7}
		{19ED9BAF-410F-4CF4-A0D0-5268DB787B35} = {89331F6B-43E3-4473-8F0D-0A20F3510AC7}
		{9E604B4B-A88E-48D4-B932-67809C1E03CC} = {20E91525-B0A4-4E63-9850-5B503AAE954B}
		{0A9A1624-3C46-4CD6-ADB5-2BDA2B689614} = {20E91525-B0A4-4E63-9850-5B503AAE954B}
		{A4D72422-8464-4C59-A2C2-AB4F0CA13058} = {20E91525-B0A4-4E63-9850-5B503AAE954B}
		{CB75BD1C-FD0B-4748-981B-FC5E59B10994} = {20E91525-B0A4-4E63-9850-5B503AAE954B}
		{F7700D09-F973-4FEB-AE78-F6FC966CB5AE} = {89331F6B-43E3-4473-8F0D-0A20F3510AC7}
		{65370E14-910B-4700-B6A8-97A3D0919D8D} = {89331F6B-43E3-4473-8F0D-0A20F3510AC7}
		{400B5390-660B-4C8C-899F-E37BD4793F63} = {89331F6B-43E3-4473-8F0D-0A20F3510AC7}
		{EDD5FE89-D753-484D-BB0E-EC9EA63B66C7} = {89331F6B-43E3-4473-8F0D-0A20F3510AC7}
		{5FA3AFAF-F565-4F2F-852A-7E24714E201D} = {89331F6B-43E3-4473-8F0D-0A20F3510AC7}
		{276E03C7-E76B-4F06-BBB7-085669DE0232} = {89331F6B-43E3-4473-8F0D-0A20F3510AC7}
		{9EB01F34-460E-4A56-9637-2B07B7A71BC8} = {89331F6B-43E3-4473-8F0D-0A20F3510AC7}
		{7FD40E7B-C637-4906-856B-64160591C9BD} = {89331F6B-43E3-4473-8F0D-0A20F3510AC7}
		{06F6190C-6A27-4BFC-852F-A98C54BD7F04} = {241B5D8A-29B8-435C-9484-735B75A3D3F5}
		{7660C3F9-8CD6-43D4-9EAB-3C5947C3DDE6} = {241B5D8A-29B8-435C-9484-735B75A3D3F5}
		{995D0984-60D7-4C58-BF37-69E528785A7F} = {5FA3AFAF-F565-4F2F-852A-7E24714E201D}
		{9397F71F-52D5-40A4-B3AC-C24FC024E46A} = {5FA3AFAF-F565-4F2F-852A-7E24714E201D}
		{515ECB6E-7F79-44A2-B1CA-896C077485B7} = {5FA3AFAF-F565-4F2F-852A-7E24714E201D}
		{25519760-C290-4F02-98DB-695BA5CC29B8} = {8AC77ED9-B7B7-484F-84AD-5CA01AD40261}
		{2C08C92C-CE7C-49D6-AD51-1CABE29EC392} = {8AC77ED9-B7B7-484F-84AD-5CA01AD40261}
		{3445F9F7-9DDE-4F80-9700-8AD4095C8F0A} = {8AC77ED9-B7B7-484F-84AD-5CA01AD40261}
		{570EBF3F-FCCE-4B6C-8A51-8D3863980CA1} = {8AC77ED9-B7B7-484F-84AD-5CA01AD40261}
		{5ACABEDA-C3A4-4B45-BADF-D89E810211EA} = {8AC77ED9-B7B7-484F-84AD-5CA01AD40261}
		{DB0667EE-E131-4B9E-AA49-6C420E42F581} = {8AC77ED9-B7B7-484F-84AD-5CA01AD40261}
		{2D724339-1F43-4E10-8B05-A3C2B799A3C2} = {8AC77ED9-B7B7-484F-84AD-5CA01AD40261}
		{3FAC067D-02C1-4BB9-B289-9385A79D98F4} = {25519760-C290-4F02-98DB-695BA5CC29B8}
		{87ACDC0D-6BA7-47E8-8F0C-525E858FCB70} = {25519760-C290-4F02-98DB-695BA5CC29B8}
		{988C4A33-F2A8-4263-A4B4-6B4C635ACCC7} = {2C08C92C-CE7C-49D6-AD51-1CABE29EC392}
		{34A5938D-51D6-4FEB-BE9A-541579E6F8D5} = {2C08C92C-CE7C-49D6-AD51-1CABE29EC392}
		{F801BBDE-B075-4331-B4DB-6C9D9009219F} = {20E91525-B0A4-4E63-9850-5B503AAE954B}
		{AFF55BFF-AB64-4C4D-9BD8-9B2ACB886754} = {F801BBDE-B075-4331-B4DB-6C9D9009219F}
		{0096980F-6986-474D-A981-5F68EDD88213} = {F801BBDE-B075-4331-B4DB-6C9D9009219F}
		{E555F8D0-DD9A-4DD9-B18C-2C5AA6909DC6} = {570EBF3F-FCCE-4B6C-8A51-8D3863980CA1}
		{8EDB2A66-718E-4413-867B-C473EED38A0A} = {570EBF3F-FCCE-4B6C-8A51-8D3863980CA1}
		{EF80D37B-B744-4991-890C-4568E177743F} = {5ACABEDA-C3A4-4B45-BADF-D89E810211EA}
		{4297E3CC-8FF7-4CF9-BC31-9019359D3D96} = {5ACABEDA-C3A4-4B45-BADF-D89E810211EA}
		{44EF0DB0-C027-49FB-B318-CC335A9E7A80} = {276E03C7-E76B-4F06-BBB7-085669DE0232}
		{3E56FFE8-BD53-4F9A-BE6C-48E9736B619B} = {276E03C7-E76B-4F06-BBB7-085669DE0232}
		{22F47B5F-2BD9-4DA3-B04B-1AC03EB11AA1} = {2D724339-1F43-4E10-8B05-A3C2B799A3C2}
		{42656BE7-C583-40C5-B39A-F97FED709BF2} = {2D724339-1F43-4E10-8B05-A3C2B799A3C2}
		{825C00CD-2423-4B39-A606-1A9E85E1674E} = {9EB01F34-460E-4A56-9637-2B07B7A71BC8}
		{C8017C03-FC5C-4C8D-B123-1837B4EF2C4E} = {9EB01F34-460E-4A56-9637-2B07B7A71BC8}
		{E4B1ED8E-58DB-44B3-BBB9-43D544435A8C} = {F7700D09-F973-4FEB-AE78-F6FC966CB5AE}
		{9FC56C48-C7C2-45DC-874E-AA9770634F30} = {F7700D09-F973-4FEB-AE78-F6FC966CB5AE}
		{50F39AA7-3104-48C1-90A1-3615F3755880} = {EDD5FE89-D753-484D-BB0E-EC9EA63B66C7}
		{8D392479-9844-44D8-AE33-5C370DF0AC75} = {EDD5FE89-D753-484D-BB0E-EC9EA63B66C7}
		{51226CC2-1062-4095-B3E8-6B2D45828279} = {CB75BD1C-FD0B-4748-981B-FC5E59B10994}
		{033547E5-C94C-43D4-88BB-455524CD31AB} = {CB75BD1C-FD0B-4748-981B-FC5E59B10994}
	EndGlobalSection
EndGlobal
